// !$*UTF8*$!
{
	archiveVersion = 1;
	classes = {
	};
	objectVersion = 46;
	objects = {

/* Begin PBXBuildFile section */
		554E0A7F196D6E3000F9D4B4 /* InformationModel.m in Sources */ = {isa = PBXBuildFile; fileRef = 554E0A7E196D6E3000F9D4B4 /* InformationModel.m */; };
		554E0A82196D72E300F9D4B4 /* InformationCell.m in Sources */ = {isa = PBXBuildFile; fileRef = 554E0A81196D72E300F9D4B4 /* InformationCell.m */; };
		554E0A85196D73E500F9D4B4 /* InformationDetailVC.m in Sources */ = {isa = PBXBuildFile; fileRef = 554E0A84196D73E500F9D4B4 /* InformationDetailVC.m */; };
		554E0A89196D78E600F9D4B4 /* ApplyPublicVC.m in Sources */ = {isa = PBXBuildFile; fileRef = 554E0A88196D78E600F9D4B4 /* ApplyPublicVC.m */; };
		556A77F71945D65000F4EA15 /* PMainFunctionCell.m in Sources */ = {isa = PBXBuildFile; fileRef = 556A77F61945D65000F4EA15 /* PMainFunctionCell.m */; };
		55BB8AD11962E96B00C22C13 /* honourVC.m in Sources */ = {isa = PBXBuildFile; fileRef = 55BB8AD01962E96B00C22C13 /* honourVC.m */; };
		55BB8AD41962FEC300C22C13 /* DynamicsModel.m in Sources */ = {isa = PBXBuildFile; fileRef = 55BB8AD31962FEC300C22C13 /* DynamicsModel.m */; };
		55BB8AD71963066D00C22C13 /* DynamicsCell.m in Sources */ = {isa = PBXBuildFile; fileRef = 55BB8AD61963066D00C22C13 /* DynamicsCell.m */; };
		55BB8ADA1963087300C22C13 /* dynamicsDetailVC.m in Sources */ = {isa = PBXBuildFile; fileRef = 55BB8AD91963087300C22C13 /* dynamicsDetailVC.m */; };
		55BB8ADC19630CE200C22C13 /* CFNetwork.framework in Frameworks */ = {isa = PBXBuildFile; fileRef = 55BB8ADB19630CE200C22C13 /* CFNetwork.framework */; };
		55BB8ADE19630CEE00C22C13 /* Accelerate.framework in Frameworks */ = {isa = PBXBuildFile; fileRef = 55BB8ADD19630CEE00C22C13 /* Accelerate.framework */; };
		55BB8AE119630FAB00C22C13 /* talkLowModel.m in Sources */ = {isa = PBXBuildFile; fileRef = 55BB8AE019630FAB00C22C13 /* talkLowModel.m */; };
		55BB8AE4196313E700C22C13 /* TalkLowDetail.m in Sources */ = {isa = PBXBuildFile; fileRef = 55BB8AE3196313E700C22C13 /* TalkLowDetail.m */; };
		55BB8AE71963157B00C22C13 /* sceneModel.m in Sources */ = {isa = PBXBuildFile; fileRef = 55BB8AE61963157B00C22C13 /* sceneModel.m */; };
		55BB8AEA196317E100C22C13 /* sceneDetailVC.m in Sources */ = {isa = PBXBuildFile; fileRef = 55BB8AE9196317E100C22C13 /* sceneDetailVC.m */; };
		55BB8AED19631A6E00C22C13 /* honourModel.m in Sources */ = {isa = PBXBuildFile; fileRef = 55BB8AEC19631A6E00C22C13 /* honourModel.m */; };
		55BB8AF01964498700C22C13 /* UITableView+config.m in Sources */ = {isa = PBXBuildFile; fileRef = 55BB8AEF1964498700C22C13 /* UITableView+config.m */; };
		55BB8AF319644F6700C22C13 /* websiteVC.m in Sources */ = {isa = PBXBuildFile; fileRef = 55BB8AF219644F6700C22C13 /* websiteVC.m */; };
		55D17ADF194891800025D1F3 /* PFlagListCell.m in Sources */ = {isa = PBXBuildFile; fileRef = 55D17ADD194891800025D1F3 /* PFlagListCell.m */; };
		55D17AE0194891800025D1F3 /* PFlagListCell.xib in Resources */ = {isa = PBXBuildFile; fileRef = 55D17ADE194891800025D1F3 /* PFlagListCell.xib */; };
		55D17AE71949C69C0025D1F3 /* PContactCell.m in Sources */ = {isa = PBXBuildFile; fileRef = 55D17AE51949C69C0025D1F3 /* PContactCell.m */; };
		55D17AE81949C69C0025D1F3 /* PContactCell.xib in Resources */ = {isa = PBXBuildFile; fileRef = 55D17AE61949C69C0025D1F3 /* PContactCell.xib */; };
		55EAD2C91945E47F0046044A /* ComeInVC.m in Sources */ = {isa = PBXBuildFile; fileRef = 55EAD2C81945E47F0046044A /* ComeInVC.m */; };
		55EAD2CC1945E4E10046044A /* DynamicsVC.m in Sources */ = {isa = PBXBuildFile; fileRef = 55EAD2CB1945E4E10046044A /* DynamicsVC.m */; };
		55EAD2CF1945E4FA0046044A /* ForPersonVC.m in Sources */ = {isa = PBXBuildFile; fileRef = 55EAD2CE1945E4FA0046044A /* ForPersonVC.m */; };
		55EAD2D21945E5180046044A /* TalkLowVC.m in Sources */ = {isa = PBXBuildFile; fileRef = 55EAD2D11945E5180046044A /* TalkLowVC.m */; };
		55EAD2D51945E52D0046044A /* BrandVC.m in Sources */ = {isa = PBXBuildFile; fileRef = 55EAD2D41945E52D0046044A /* BrandVC.m */; };
		55EAD2D81945E5450046044A /* SceneVC.m in Sources */ = {isa = PBXBuildFile; fileRef = 55EAD2D71945E5450046044A /* SceneVC.m */; };
		55EAD2DB1945E55C0046044A /* ContactVC.m in Sources */ = {isa = PBXBuildFile; fileRef = 55EAD2DA1945E55C0046044A /* ContactVC.m */; };
		55EAD2DE1945E5740046044A /* InformationVC.m in Sources */ = {isa = PBXBuildFile; fileRef = 55EAD2DD1945E5740046044A /* InformationVC.m */; };
		F23EA8F9CE26435A84B0DD3A /* libPods.a in Frameworks */ = {isa = PBXBuildFile; fileRef = 20B9578E44D94FD3BE82E22D /* libPods.a */; };
		FB4974E819652C1B0000EF38 /* MJRefresh.bundle in Resources */ = {isa = PBXBuildFile; fileRef = FB4974D819652C1B0000EF38 /* MJRefresh.bundle */; };
		FB4974E919652C1B0000EF38 /* MJRefreshBaseView.m in Sources */ = {isa = PBXBuildFile; fileRef = FB4974DB19652C1B0000EF38 /* MJRefreshBaseView.m */; };
		FB4974EA19652C1B0000EF38 /* MJRefreshConst.m in Sources */ = {isa = PBXBuildFile; fileRef = FB4974DD19652C1B0000EF38 /* MJRefreshConst.m */; };
		FB4974EB19652C1B0000EF38 /* MJRefreshFooterView.m in Sources */ = {isa = PBXBuildFile; fileRef = FB4974DF19652C1B0000EF38 /* MJRefreshFooterView.m */; };
		FB4974EC19652C1B0000EF38 /* MJRefreshHeaderView.m in Sources */ = {isa = PBXBuildFile; fileRef = FB4974E119652C1B0000EF38 /* MJRefreshHeaderView.m */; };
		FB4974ED19652C1B0000EF38 /* UIScrollView+Extension.m in Sources */ = {isa = PBXBuildFile; fileRef = FB4974E319652C1B0000EF38 /* UIScrollView+Extension.m */; };
		FB4974EE19652C1B0000EF38 /* UIScrollView+MJRefresh.m in Sources */ = {isa = PBXBuildFile; fileRef = FB4974E519652C1B0000EF38 /* UIScrollView+MJRefresh.m */; };
		FB4974EF19652C1B0000EF38 /* UIView+Extension.m in Sources */ = {isa = PBXBuildFile; fileRef = FB4974E719652C1B0000EF38 /* UIView+Extension.m */; };
		FB5BBA4B1945AF5F0023D165 /* Foundation.framework in Frameworks */ = {isa = PBXBuildFile; fileRef = FB5BBA4A1945AF5F0023D165 /* Foundation.framework */; };
		FB5BBA4D1945AF5F0023D165 /* CoreGraphics.framework in Frameworks */ = {isa = PBXBuildFile; fileRef = FB5BBA4C1945AF5F0023D165 /* CoreGraphics.framework */; };
		FB5BBA4F1945AF5F0023D165 /* UIKit.framework in Frameworks */ = {isa = PBXBuildFile; fileRef = FB5BBA4E1945AF5F0023D165 /* UIKit.framework */; };
		FB5BBA551945AF5F0023D165 /* InfoPlist.strings in Resources */ = {isa = PBXBuildFile; fileRef = FB5BBA531945AF5F0023D165 /* InfoPlist.strings */; };
		FB5BBA5E1945AF5F0023D165 /* Main.storyboard in Resources */ = {isa = PBXBuildFile; fileRef = FB5BBA5C1945AF5F0023D165 /* Main.storyboard */; };
		FB5BBA631945AF5F0023D165 /* Images.xcassets in Resources */ = {isa = PBXBuildFile; fileRef = FB5BBA621945AF5F0023D165 /* Images.xcassets */; };
		FB5BBA6A1945AF5F0023D165 /* XCTest.framework in Frameworks */ = {isa = PBXBuildFile; fileRef = FB5BBA691945AF5F0023D165 /* XCTest.framework */; };
		FB5BBA6B1945AF5F0023D165 /* Foundation.framework in Frameworks */ = {isa = PBXBuildFile; fileRef = FB5BBA4A1945AF5F0023D165 /* Foundation.framework */; };
		FB5BBA6C1945AF5F0023D165 /* UIKit.framework in Frameworks */ = {isa = PBXBuildFile; fileRef = FB5BBA4E1945AF5F0023D165 /* UIKit.framework */; };
		FB5BBA741945AF5F0023D165 /* InfoPlist.strings in Resources */ = {isa = PBXBuildFile; fileRef = FB5BBA721945AF5F0023D165 /* InfoPlist.strings */; };
		FB5BBA761945AF5F0023D165 /* ProsecutorTests.m in Sources */ = {isa = PBXBuildFile; fileRef = FB5BBA751945AF5F0023D165 /* ProsecutorTests.m */; };
		FB5BBAA11945AFFB0023D165 /* AppDelegate.m in Sources */ = {isa = PBXBuildFile; fileRef = FB5BBA9F1945AFFB0023D165 /* AppDelegate.m */; };
		FB5BBAA21945AFFB0023D165 /* main.m in Sources */ = {isa = PBXBuildFile; fileRef = FB5BBAA01945AFFB0023D165 /* main.m */; };
		FB5BBAA61945B0190023D165 /* ViewController.m in Sources */ = {isa = PBXBuildFile; fileRef = FB5BBAA51945B0190023D165 /* ViewController.m */; };
		FB5BBAAE1945B1970023D165 /* 经检数据说明.txt in Resources */ = {isa = PBXBuildFile; fileRef = FB5BBAAD1945B1970023D165 /* 经检数据说明.txt */; };
/* End PBXBuildFile section */

/* Begin PBXContainerItemProxy section */
		FB5BBA6D1945AF5F0023D165 /* PBXContainerItemProxy */ = {
			isa = PBXContainerItemProxy;
			containerPortal = FB5BBA3F1945AF5F0023D165 /* Project object */;
			proxyType = 1;
			remoteGlobalIDString = FB5BBA461945AF5F0023D165;
			remoteInfo = Prosecutor;
		};
/* End PBXContainerItemProxy section */

/* Begin PBXFileReference section */
		20B9578E44D94FD3BE82E22D /* libPods.a */ = {isa = PBXFileReference; explicitFileType = archive.ar; includeInIndex = 0; path = libPods.a; sourceTree = BUILT_PRODUCTS_DIR; };
		554E0A7D196D6E3000F9D4B4 /* InformationModel.h */ = {isa = PBXFileReference; fileEncoding = 4; lastKnownFileType = sourcecode.c.h; path = InformationModel.h; sourceTree = "<group>"; };
		554E0A7E196D6E3000F9D4B4 /* InformationModel.m */ = {isa = PBXFileReference; fileEncoding = 4; lastKnownFileType = sourcecode.c.objc; path = InformationModel.m; sourceTree = "<group>"; };
		554E0A80196D72E300F9D4B4 /* InformationCell.h */ = {isa = PBXFileReference; fileEncoding = 4; lastKnownFileType = sourcecode.c.h; path = InformationCell.h; sourceTree = "<group>"; };
		554E0A81196D72E300F9D4B4 /* InformationCell.m */ = {isa = PBXFileReference; fileEncoding = 4; lastKnownFileType = sourcecode.c.objc; path = InformationCell.m; sourceTree = "<group>"; };
		554E0A83196D73E500F9D4B4 /* InformationDetailVC.h */ = {isa = PBXFileReference; fileEncoding = 4; lastKnownFileType = sourcecode.c.h; path = InformationDetailVC.h; sourceTree = "<group>"; };
		554E0A84196D73E500F9D4B4 /* InformationDetailVC.m */ = {isa = PBXFileReference; fileEncoding = 4; lastKnownFileType = sourcecode.c.objc; path = InformationDetailVC.m; sourceTree = "<group>"; };
		554E0A87196D78E600F9D4B4 /* ApplyPublicVC.h */ = {isa = PBXFileReference; fileEncoding = 4; lastKnownFileType = sourcecode.c.h; path = ApplyPublicVC.h; sourceTree = "<group>"; };
		554E0A88196D78E600F9D4B4 /* ApplyPublicVC.m */ = {isa = PBXFileReference; fileEncoding = 4; lastKnownFileType = sourcecode.c.objc; path = ApplyPublicVC.m; sourceTree = "<group>"; };
		556A77F51945D65000F4EA15 /* PMainFunctionCell.h */ = {isa = PBXFileReference; fileEncoding = 4; lastKnownFileType = sourcecode.c.h; path = PMainFunctionCell.h; sourceTree = "<group>"; };
		556A77F61945D65000F4EA15 /* PMainFunctionCell.m */ = {isa = PBXFileReference; fileEncoding = 4; lastKnownFileType = sourcecode.c.objc; path = PMainFunctionCell.m; sourceTree = "<group>"; };
		55BB8ACF1962E96B00C22C13 /* honourVC.h */ = {isa = PBXFileReference; fileEncoding = 4; lastKnownFileType = sourcecode.c.h; path = honourVC.h; sourceTree = "<group>"; };
		55BB8AD01962E96B00C22C13 /* honourVC.m */ = {isa = PBXFileReference; fileEncoding = 4; lastKnownFileType = sourcecode.c.objc; path = honourVC.m; sourceTree = "<group>"; };
		55BB8AD21962FEC300C22C13 /* DynamicsModel.h */ = {isa = PBXFileReference; fileEncoding = 4; lastKnownFileType = sourcecode.c.h; path = DynamicsModel.h; sourceTree = "<group>"; };
		55BB8AD31962FEC300C22C13 /* DynamicsModel.m */ = {isa = PBXFileReference; fileEncoding = 4; lastKnownFileType = sourcecode.c.objc; path = DynamicsModel.m; sourceTree = "<group>"; };
		55BB8AD51963066D00C22C13 /* DynamicsCell.h */ = {isa = PBXFileReference; fileEncoding = 4; lastKnownFileType = sourcecode.c.h; name = DynamicsCell.h; path = Dynamics/DynamicsCell.h; sourceTree = "<group>"; };
		55BB8AD61963066D00C22C13 /* DynamicsCell.m */ = {isa = PBXFileReference; fileEncoding = 4; lastKnownFileType = sourcecode.c.objc; name = DynamicsCell.m; path = Dynamics/DynamicsCell.m; sourceTree = "<group>"; };
		55BB8AD81963087300C22C13 /* dynamicsDetailVC.h */ = {isa = PBXFileReference; fileEncoding = 4; lastKnownFileType = sourcecode.c.h; path = dynamicsDetailVC.h; sourceTree = "<group>"; };
		55BB8AD91963087300C22C13 /* dynamicsDetailVC.m */ = {isa = PBXFileReference; fileEncoding = 4; lastKnownFileType = sourcecode.c.objc; path = dynamicsDetailVC.m; sourceTree = "<group>"; };
		55BB8ADB19630CE200C22C13 /* CFNetwork.framework */ = {isa = PBXFileReference; lastKnownFileType = wrapper.framework; name = CFNetwork.framework; path = System/Library/Frameworks/CFNetwork.framework; sourceTree = SDKROOT; };
		55BB8ADD19630CEE00C22C13 /* Accelerate.framework */ = {isa = PBXFileReference; lastKnownFileType = wrapper.framework; name = Accelerate.framework; path = System/Library/Frameworks/Accelerate.framework; sourceTree = SDKROOT; };
		55BB8ADF19630FAB00C22C13 /* talkLowModel.h */ = {isa = PBXFileReference; fileEncoding = 4; lastKnownFileType = sourcecode.c.h; path = talkLowModel.h; sourceTree = "<group>"; };
		55BB8AE019630FAB00C22C13 /* talkLowModel.m */ = {isa = PBXFileReference; fileEncoding = 4; lastKnownFileType = sourcecode.c.objc; path = talkLowModel.m; sourceTree = "<group>"; };
		55BB8AE2196313E700C22C13 /* TalkLowDetail.h */ = {isa = PBXFileReference; fileEncoding = 4; lastKnownFileType = sourcecode.c.h; path = TalkLowDetail.h; sourceTree = "<group>"; };
		55BB8AE3196313E700C22C13 /* TalkLowDetail.m */ = {isa = PBXFileReference; fileEncoding = 4; lastKnownFileType = sourcecode.c.objc; path = TalkLowDetail.m; sourceTree = "<group>"; };
		55BB8AE51963157B00C22C13 /* sceneModel.h */ = {isa = PBXFileReference; fileEncoding = 4; lastKnownFileType = sourcecode.c.h; path = sceneModel.h; sourceTree = "<group>"; };
		55BB8AE61963157B00C22C13 /* sceneModel.m */ = {isa = PBXFileReference; fileEncoding = 4; lastKnownFileType = sourcecode.c.objc; path = sceneModel.m; sourceTree = "<group>"; };
		55BB8AE8196317E100C22C13 /* sceneDetailVC.h */ = {isa = PBXFileReference; fileEncoding = 4; lastKnownFileType = sourcecode.c.h; path = sceneDetailVC.h; sourceTree = "<group>"; };
		55BB8AE9196317E100C22C13 /* sceneDetailVC.m */ = {isa = PBXFileReference; fileEncoding = 4; lastKnownFileType = sourcecode.c.objc; path = sceneDetailVC.m; sourceTree = "<group>"; };
		55BB8AEB19631A6E00C22C13 /* honourModel.h */ = {isa = PBXFileReference; fileEncoding = 4; lastKnownFileType = sourcecode.c.h; path = honourModel.h; sourceTree = "<group>"; };
		55BB8AEC19631A6E00C22C13 /* honourModel.m */ = {isa = PBXFileReference; fileEncoding = 4; lastKnownFileType = sourcecode.c.objc; path = honourModel.m; sourceTree = "<group>"; };
		55BB8AEE1964498700C22C13 /* UITableView+config.h */ = {isa = PBXFileReference; fileEncoding = 4; lastKnownFileType = sourcecode.c.h; name = "UITableView+config.h"; path = "Prosecutor/resource/UITableView+config.h"; sourceTree = SOURCE_ROOT; };
		55BB8AEF1964498700C22C13 /* UITableView+config.m */ = {isa = PBXFileReference; fileEncoding = 4; lastKnownFileType = sourcecode.c.objc; name = "UITableView+config.m"; path = "Prosecutor/resource/UITableView+config.m"; sourceTree = SOURCE_ROOT; };
		55BB8AF119644F6700C22C13 /* websiteVC.h */ = {isa = PBXFileReference; fileEncoding = 4; lastKnownFileType = sourcecode.c.h; name = websiteVC.h; path = Contact/websiteVC.h; sourceTree = "<group>"; };
		55BB8AF219644F6700C22C13 /* websiteVC.m */ = {isa = PBXFileReference; fileEncoding = 4; lastKnownFileType = sourcecode.c.objc; name = websiteVC.m; path = Contact/websiteVC.m; sourceTree = "<group>"; };
		55D17ADC194891800025D1F3 /* PFlagListCell.h */ = {isa = PBXFileReference; fileEncoding = 4; lastKnownFileType = sourcecode.c.h; path = PFlagListCell.h; sourceTree = "<group>"; };
		55D17ADD194891800025D1F3 /* PFlagListCell.m */ = {isa = PBXFileReference; fileEncoding = 4; lastKnownFileType = sourcecode.c.objc; path = PFlagListCell.m; sourceTree = "<group>"; };
		55D17ADE194891800025D1F3 /* PFlagListCell.xib */ = {isa = PBXFileReference; fileEncoding = 4; lastKnownFileType = file.xib; path = PFlagListCell.xib; sourceTree = "<group>"; };
		55D17AE41949C69C0025D1F3 /* PContactCell.h */ = {isa = PBXFileReference; fileEncoding = 4; lastKnownFileType = sourcecode.c.h; path = PContactCell.h; sourceTree = "<group>"; };
		55D17AE51949C69C0025D1F3 /* PContactCell.m */ = {isa = PBXFileReference; fileEncoding = 4; lastKnownFileType = sourcecode.c.objc; path = PContactCell.m; sourceTree = "<group>"; };
		55D17AE61949C69C0025D1F3 /* PContactCell.xib */ = {isa = PBXFileReference; fileEncoding = 4; lastKnownFileType = file.xib; path = PContactCell.xib; sourceTree = "<group>"; };
		55EAD2C71945E47F0046044A /* ComeInVC.h */ = {isa = PBXFileReference; fileEncoding = 4; lastKnownFileType = sourcecode.c.h; name = ComeInVC.h; path = ComeIn/ComeInVC.h; sourceTree = "<group>"; };
		55EAD2C81945E47F0046044A /* ComeInVC.m */ = {isa = PBXFileReference; fileEncoding = 4; lastKnownFileType = sourcecode.c.objc; name = ComeInVC.m; path = ComeIn/ComeInVC.m; sourceTree = "<group>"; };
		55EAD2CA1945E4E10046044A /* DynamicsVC.h */ = {isa = PBXFileReference; fileEncoding = 4; lastKnownFileType = sourcecode.c.h; name = DynamicsVC.h; path = Dynamics/DynamicsVC.h; sourceTree = "<group>"; };
		55EAD2CB1945E4E10046044A /* DynamicsVC.m */ = {isa = PBXFileReference; fileEncoding = 4; lastKnownFileType = sourcecode.c.objc; name = DynamicsVC.m; path = Dynamics/DynamicsVC.m; sourceTree = "<group>"; };
		55EAD2CD1945E4FA0046044A /* ForPersonVC.h */ = {isa = PBXFileReference; fileEncoding = 4; lastKnownFileType = sourcecode.c.h; name = ForPersonVC.h; path = ForPerson/ForPersonVC.h; sourceTree = "<group>"; };
		55EAD2CE1945E4FA0046044A /* ForPersonVC.m */ = {isa = PBXFileReference; fileEncoding = 4; lastKnownFileType = sourcecode.c.objc; name = ForPersonVC.m; path = ForPerson/ForPersonVC.m; sourceTree = "<group>"; };
		55EAD2D01945E5180046044A /* TalkLowVC.h */ = {isa = PBXFileReference; fileEncoding = 4; lastKnownFileType = sourcecode.c.h; name = TalkLowVC.h; path = TalkLow/TalkLowVC.h; sourceTree = "<group>"; };
		55EAD2D11945E5180046044A /* TalkLowVC.m */ = {isa = PBXFileReference; fileEncoding = 4; lastKnownFileType = sourcecode.c.objc; name = TalkLowVC.m; path = TalkLow/TalkLowVC.m; sourceTree = "<group>"; };
		55EAD2D31945E52D0046044A /* BrandVC.h */ = {isa = PBXFileReference; fileEncoding = 4; lastKnownFileType = sourcecode.c.h; name = BrandVC.h; path = Brand/BrandVC.h; sourceTree = "<group>"; };
		55EAD2D41945E52D0046044A /* BrandVC.m */ = {isa = PBXFileReference; fileEncoding = 4; lastKnownFileType = sourcecode.c.objc; name = BrandVC.m; path = Brand/BrandVC.m; sourceTree = "<group>"; };
		55EAD2D61945E5450046044A /* SceneVC.h */ = {isa = PBXFileReference; fileEncoding = 4; lastKnownFileType = sourcecode.c.h; name = SceneVC.h; path = Scene/SceneVC.h; sourceTree = "<group>"; };
		55EAD2D71945E5450046044A /* SceneVC.m */ = {isa = PBXFileReference; fileEncoding = 4; lastKnownFileType = sourcecode.c.objc; name = SceneVC.m; path = Scene/SceneVC.m; sourceTree = "<group>"; };
		55EAD2D91945E55C0046044A /* ContactVC.h */ = {isa = PBXFileReference; fileEncoding = 4; lastKnownFileType = sourcecode.c.h; name = ContactVC.h; path = Contact/ContactVC.h; sourceTree = "<group>"; };
		55EAD2DA1945E55C0046044A /* ContactVC.m */ = {isa = PBXFileReference; fileEncoding = 4; lastKnownFileType = sourcecode.c.objc; name = ContactVC.m; path = Contact/ContactVC.m; sourceTree = "<group>"; };
		55EAD2DC1945E5740046044A /* InformationVC.h */ = {isa = PBXFileReference; fileEncoding = 4; lastKnownFileType = sourcecode.c.h; name = InformationVC.h; path = Information/InformationVC.h; sourceTree = "<group>"; };
		55EAD2DD1945E5740046044A /* InformationVC.m */ = {isa = PBXFileReference; fileEncoding = 4; lastKnownFileType = sourcecode.c.objc; name = InformationVC.m; path = Information/InformationVC.m; sourceTree = "<group>"; };
		55EAD2E81945F2760046044A /* NetWork.h */ = {isa = PBXFileReference; lastKnownFileType = sourcecode.c.h; path = NetWork.h; sourceTree = "<group>"; };
		B1DC7865B36C46E18BD02D84 /* Pods.xcconfig */ = {isa = PBXFileReference; includeInIndex = 1; lastKnownFileType = text.xcconfig; name = Pods.xcconfig; path = Pods/Pods.xcconfig; sourceTree = "<group>"; };
		FB4974D819652C1B0000EF38 /* MJRefresh.bundle */ = {isa = PBXFileReference; lastKnownFileType = "wrapper.plug-in"; path = MJRefresh.bundle; sourceTree = "<group>"; };
		FB4974D919652C1B0000EF38 /* MJRefresh.h */ = {isa = PBXFileReference; fileEncoding = 4; lastKnownFileType = sourcecode.c.h; path = MJRefresh.h; sourceTree = "<group>"; };
		FB4974DA19652C1B0000EF38 /* MJRefreshBaseView.h */ = {isa = PBXFileReference; fileEncoding = 4; lastKnownFileType = sourcecode.c.h; path = MJRefreshBaseView.h; sourceTree = "<group>"; };
		FB4974DB19652C1B0000EF38 /* MJRefreshBaseView.m */ = {isa = PBXFileReference; fileEncoding = 4; lastKnownFileType = sourcecode.c.objc; path = MJRefreshBaseView.m; sourceTree = "<group>"; };
		FB4974DC19652C1B0000EF38 /* MJRefreshConst.h */ = {isa = PBXFileReference; fileEncoding = 4; lastKnownFileType = sourcecode.c.h; path = MJRefreshConst.h; sourceTree = "<group>"; };
		FB4974DD19652C1B0000EF38 /* MJRefreshConst.m */ = {isa = PBXFileReference; fileEncoding = 4; lastKnownFileType = sourcecode.c.objc; path = MJRefreshConst.m; sourceTree = "<group>"; };
		FB4974DE19652C1B0000EF38 /* MJRefreshFooterView.h */ = {isa = PBXFileReference; fileEncoding = 4; lastKnownFileType = sourcecode.c.h; path = MJRefreshFooterView.h; sourceTree = "<group>"; };
		FB4974DF19652C1B0000EF38 /* MJRefreshFooterView.m */ = {isa = PBXFileReference; fileEncoding = 4; lastKnownFileType = sourcecode.c.objc; path = MJRefreshFooterView.m; sourceTree = "<group>"; };
		FB4974E019652C1B0000EF38 /* MJRefreshHeaderView.h */ = {isa = PBXFileReference; fileEncoding = 4; lastKnownFileType = sourcecode.c.h; path = MJRefreshHeaderView.h; sourceTree = "<group>"; };
		FB4974E119652C1B0000EF38 /* MJRefreshHeaderView.m */ = {isa = PBXFileReference; fileEncoding = 4; lastKnownFileType = sourcecode.c.objc; path = MJRefreshHeaderView.m; sourceTree = "<group>"; };
		FB4974E219652C1B0000EF38 /* UIScrollView+Extension.h */ = {isa = PBXFileReference; fileEncoding = 4; lastKnownFileType = sourcecode.c.h; path = "UIScrollView+Extension.h"; sourceTree = "<group>"; };
		FB4974E319652C1B0000EF38 /* UIScrollView+Extension.m */ = {isa = PBXFileReference; fileEncoding = 4; lastKnownFileType = sourcecode.c.objc; path = "UIScrollView+Extension.m"; sourceTree = "<group>"; };
		FB4974E419652C1B0000EF38 /* UIScrollView+MJRefresh.h */ = {isa = PBXFileReference; fileEncoding = 4; lastKnownFileType = sourcecode.c.h; path = "UIScrollView+MJRefresh.h"; sourceTree = "<group>"; };
		FB4974E519652C1B0000EF38 /* UIScrollView+MJRefresh.m */ = {isa = PBXFileReference; fileEncoding = 4; lastKnownFileType = sourcecode.c.objc; path = "UIScrollView+MJRefresh.m"; sourceTree = "<group>"; };
		FB4974E619652C1B0000EF38 /* UIView+Extension.h */ = {isa = PBXFileReference; fileEncoding = 4; lastKnownFileType = sourcecode.c.h; path = "UIView+Extension.h"; sourceTree = "<group>"; };
		FB4974E719652C1B0000EF38 /* UIView+Extension.m */ = {isa = PBXFileReference; fileEncoding = 4; lastKnownFileType = sourcecode.c.objc; path = "UIView+Extension.m"; sourceTree = "<group>"; };
		FB5BBA471945AF5F0023D165 /* 阳光检务.app */ = {isa = PBXFileReference; explicitFileType = wrapper.application; includeInIndex = 0; path = "阳光检务.app"; sourceTree = BUILT_PRODUCTS_DIR; };
		FB5BBA4A1945AF5F0023D165 /* Foundation.framework */ = {isa = PBXFileReference; lastKnownFileType = wrapper.framework; name = Foundation.framework; path = System/Library/Frameworks/Foundation.framework; sourceTree = SDKROOT; };
		FB5BBA4C1945AF5F0023D165 /* CoreGraphics.framework */ = {isa = PBXFileReference; lastKnownFileType = wrapper.framework; name = CoreGraphics.framework; path = System/Library/Frameworks/CoreGraphics.framework; sourceTree = SDKROOT; };
		FB5BBA4E1945AF5F0023D165 /* UIKit.framework */ = {isa = PBXFileReference; lastKnownFileType = wrapper.framework; name = UIKit.framework; path = System/Library/Frameworks/UIKit.framework; sourceTree = SDKROOT; };
		FB5BBA521945AF5F0023D165 /* Prosecutor-Info.plist */ = {isa = PBXFileReference; lastKnownFileType = text.plist.xml; path = "Prosecutor-Info.plist"; sourceTree = "<group>"; };
		FB5BBA541945AF5F0023D165 /* en */ = {isa = PBXFileReference; lastKnownFileType = text.plist.strings; name = en; path = en.lproj/InfoPlist.strings; sourceTree = "<group>"; };
		FB5BBA581945AF5F0023D165 /* Prosecutor-Prefix.pch */ = {isa = PBXFileReference; lastKnownFileType = sourcecode.c.h; path = "Prosecutor-Prefix.pch"; sourceTree = "<group>"; };
		FB5BBA5D1945AF5F0023D165 /* Base */ = {isa = PBXFileReference; lastKnownFileType = file.storyboard; name = Base; path = Base.lproj/Main.storyboard; sourceTree = "<group>"; };
		FB5BBA621945AF5F0023D165 /* Images.xcassets */ = {isa = PBXFileReference; lastKnownFileType = folder.assetcatalog; name = Images.xcassets; path = ../Images.xcassets; sourceTree = "<group>"; };
		FB5BBA681945AF5F0023D165 /* ProsecutorTests.xctest */ = {isa = PBXFileReference; explicitFileType = wrapper.cfbundle; includeInIndex = 0; path = ProsecutorTests.xctest; sourceTree = BUILT_PRODUCTS_DIR; };
		FB5BBA691945AF5F0023D165 /* XCTest.framework */ = {isa = PBXFileReference; lastKnownFileType = wrapper.framework; name = XCTest.framework; path = Library/Frameworks/XCTest.framework; sourceTree = DEVELOPER_DIR; };
		FB5BBA711945AF5F0023D165 /* ProsecutorTests-Info.plist */ = {isa = PBXFileReference; lastKnownFileType = text.plist.xml; path = "ProsecutorTests-Info.plist"; sourceTree = "<group>"; };
		FB5BBA731945AF5F0023D165 /* en */ = {isa = PBXFileReference; lastKnownFileType = text.plist.strings; name = en; path = en.lproj/InfoPlist.strings; sourceTree = "<group>"; };
		FB5BBA751945AF5F0023D165 /* ProsecutorTests.m */ = {isa = PBXFileReference; lastKnownFileType = sourcecode.c.objc; path = ProsecutorTests.m; sourceTree = "<group>"; };
		FB5BBA9E1945AFFB0023D165 /* AppDelegate.h */ = {isa = PBXFileReference; fileEncoding = 4; lastKnownFileType = sourcecode.c.h; path = AppDelegate.h; sourceTree = "<group>"; };
		FB5BBA9F1945AFFB0023D165 /* AppDelegate.m */ = {isa = PBXFileReference; fileEncoding = 4; lastKnownFileType = sourcecode.c.objc; path = AppDelegate.m; sourceTree = "<group>"; };
		FB5BBAA01945AFFB0023D165 /* main.m */ = {isa = PBXFileReference; fileEncoding = 4; lastKnownFileType = sourcecode.c.objc; path = main.m; sourceTree = "<group>"; wrapsLines = 0; };
		FB5BBAA41945B0190023D165 /* ViewController.h */ = {isa = PBXFileReference; fileEncoding = 4; lastKnownFileType = sourcecode.c.h; path = ViewController.h; sourceTree = "<group>"; };
		FB5BBAA51945B0190023D165 /* ViewController.m */ = {isa = PBXFileReference; fileEncoding = 4; lastKnownFileType = sourcecode.c.objc; path = ViewController.m; sourceTree = "<group>"; };
		FB5BBAAA1945B15F0023D165 /* lauguage.h */ = {isa = PBXFileReference; lastKnownFileType = sourcecode.c.h; path = lauguage.h; sourceTree = "<group>"; };
		FB5BBAAD1945B1970023D165 /* 经检数据说明.txt */ = {isa = PBXFileReference; fileEncoding = 4; lastKnownFileType = text; path = "经检数据说明.txt"; sourceTree = "<group>"; };
/* End PBXFileReference section */

/* Begin PBXFrameworksBuildPhase section */
		FB5BBA441945AF5F0023D165 /* Frameworks */ = {
			isa = PBXFrameworksBuildPhase;
			buildActionMask = 2147483647;
			files = (
				55BB8ADE19630CEE00C22C13 /* Accelerate.framework in Frameworks */,
				55BB8ADC19630CE200C22C13 /* CFNetwork.framework in Frameworks */,
				FB5BBA4D1945AF5F0023D165 /* CoreGraphics.framework in Frameworks */,
				FB5BBA4F1945AF5F0023D165 /* UIKit.framework in Frameworks */,
				FB5BBA4B1945AF5F0023D165 /* Foundation.framework in Frameworks */,
				F23EA8F9CE26435A84B0DD3A /* libPods.a in Frameworks */,
			);
			runOnlyForDeploymentPostprocessing = 0;
		};
		FB5BBA651945AF5F0023D165 /* Frameworks */ = {
			isa = PBXFrameworksBuildPhase;
			buildActionMask = 2147483647;
			files = (
				FB5BBA6A1945AF5F0023D165 /* XCTest.framework in Frameworks */,
				FB5BBA6C1945AF5F0023D165 /* UIKit.framework in Frameworks */,
				FB5BBA6B1945AF5F0023D165 /* Foundation.framework in Frameworks */,
			);
			runOnlyForDeploymentPostprocessing = 0;
		};
/* End PBXFrameworksBuildPhase section */

/* Begin PBXGroup section */
		554E0A86196D789600F9D4B4 /* 依申请公开 */ = {
			isa = PBXGroup;
			children = (
				554E0A87196D78E600F9D4B4 /* ApplyPublicVC.h */,
				554E0A88196D78E600F9D4B4 /* ApplyPublicVC.m */,
			);
			name = "依申请公开";
			sourceTree = "<group>";
		};
		55EAD2DF1945EB630046044A /* 走进经检 */ = {
			isa = PBXGroup;
			children = (
				55EAD2C71945E47F0046044A /* ComeInVC.h */,
				55EAD2C81945E47F0046044A /* ComeInVC.m */,
				55BB8ACF1962E96B00C22C13 /* honourVC.h */,
				55BB8AD01962E96B00C22C13 /* honourVC.m */,
				55BB8AEB19631A6E00C22C13 /* honourModel.h */,
				55BB8AEC19631A6E00C22C13 /* honourModel.m */,
			);
			name = "走进经检";
			sourceTree = "<group>";
		};
		55EAD2E01945EB7B0046044A /* 动态经验 */ = {
			isa = PBXGroup;
			children = (
				55EAD2CA1945E4E10046044A /* DynamicsVC.h */,
				55EAD2CB1945E4E10046044A /* DynamicsVC.m */,
				55BB8AD21962FEC300C22C13 /* DynamicsModel.h */,
				55BB8AD31962FEC300C22C13 /* DynamicsModel.m */,
				55BB8AD51963066D00C22C13 /* DynamicsCell.h */,
				55BB8AD61963066D00C22C13 /* DynamicsCell.m */,
				55BB8AD81963087300C22C13 /* dynamicsDetailVC.h */,
				55BB8AD91963087300C22C13 /* dynamicsDetailVC.m */,
			);
			name = "动态经验";
			sourceTree = "<group>";
		};
		55EAD2E11945EB8A0046044A /* 为民服务 */ = {
			isa = PBXGroup;
			children = (
				55EAD2CD1945E4FA0046044A /* ForPersonVC.h */,
				55EAD2CE1945E4FA0046044A /* ForPersonVC.m */,
			);
			name = "为民服务";
			sourceTree = "<group>";
		};
		55EAD2E31945EB9E0046044A /* 经检说法 */ = {
			isa = PBXGroup;
			children = (
				55EAD2D01945E5180046044A /* TalkLowVC.h */,
				55EAD2D11945E5180046044A /* TalkLowVC.m */,
				55BB8ADF19630FAB00C22C13 /* talkLowModel.h */,
				55BB8AE019630FAB00C22C13 /* talkLowModel.m */,
				55BB8AE2196313E700C22C13 /* TalkLowDetail.h */,
				55BB8AE3196313E700C22C13 /* TalkLowDetail.m */,
			);
			name = "经检说法";
			sourceTree = "<group>";
		};
		55EAD2E41945EBB20046044A /* 经检品牌 */ = {
			isa = PBXGroup;
			children = (
				55EAD2D31945E52D0046044A /* BrandVC.h */,
				55EAD2D41945E52D0046044A /* BrandVC.m */,
			);
			name = "经检品牌";
			sourceTree = "<group>";
		};
		55EAD2E51945EBBF0046044A /* 经检风貌 */ = {
			isa = PBXGroup;
			children = (
				55EAD2D61945E5450046044A /* SceneVC.h */,
				55EAD2D71945E5450046044A /* SceneVC.m */,
				55BB8AE51963157B00C22C13 /* sceneModel.h */,
				55BB8AE61963157B00C22C13 /* sceneModel.m */,
				55BB8AE8196317E100C22C13 /* sceneDetailVC.h */,
				55BB8AE9196317E100C22C13 /* sceneDetailVC.m */,
			);
			name = "经检风貌";
			sourceTree = "<group>";
		};
		55EAD2E61945EBF60046044A /* 联系经检 */ = {
			isa = PBXGroup;
			children = (
				55EAD2D91945E55C0046044A /* ContactVC.h */,
				55EAD2DA1945E55C0046044A /* ContactVC.m */,
				55BB8AF119644F6700C22C13 /* websiteVC.h */,
				55BB8AF219644F6700C22C13 /* websiteVC.m */,
			);
			name = "联系经检";
			sourceTree = "<group>";
		};
		55EAD2E71945EC0A0046044A /* 案件信息 */ = {
			isa = PBXGroup;
			children = (
				55EAD2DC1945E5740046044A /* InformationVC.h */,
				55EAD2DD1945E5740046044A /* InformationVC.m */,
				554E0A7D196D6E3000F9D4B4 /* InformationModel.h */,
				554E0A7E196D6E3000F9D4B4 /* InformationModel.m */,
				554E0A80196D72E300F9D4B4 /* InformationCell.h */,
				554E0A81196D72E300F9D4B4 /* InformationCell.m */,
				554E0A83196D73E500F9D4B4 /* InformationDetailVC.h */,
				554E0A84196D73E500F9D4B4 /* InformationDetailVC.m */,
				554E0A86196D789600F9D4B4 /* 依申请公开 */,
			);
			name = "案件信息";
			sourceTree = "<group>";
		};
		FB4974D719652C1B0000EF38 /* MJRefresh */ = {
			isa = PBXGroup;
			children = (
				FB4974D819652C1B0000EF38 /* MJRefresh.bundle */,
				FB4974D919652C1B0000EF38 /* MJRefresh.h */,
				FB4974DA19652C1B0000EF38 /* MJRefreshBaseView.h */,
				FB4974DB19652C1B0000EF38 /* MJRefreshBaseView.m */,
				FB4974DC19652C1B0000EF38 /* MJRefreshConst.h */,
				FB4974DD19652C1B0000EF38 /* MJRefreshConst.m */,
				FB4974DE19652C1B0000EF38 /* MJRefreshFooterView.h */,
				FB4974DF19652C1B0000EF38 /* MJRefreshFooterView.m */,
				FB4974E019652C1B0000EF38 /* MJRefreshHeaderView.h */,
				FB4974E119652C1B0000EF38 /* MJRefreshHeaderView.m */,
				FB4974E219652C1B0000EF38 /* UIScrollView+Extension.h */,
				FB4974E319652C1B0000EF38 /* UIScrollView+Extension.m */,
				FB4974E419652C1B0000EF38 /* UIScrollView+MJRefresh.h */,
				FB4974E519652C1B0000EF38 /* UIScrollView+MJRefresh.m */,
				FB4974E619652C1B0000EF38 /* UIView+Extension.h */,
				FB4974E719652C1B0000EF38 /* UIView+Extension.m */,
			);
			path = MJRefresh;
			sourceTree = "<group>";
		};
		FB5BBA3E1945AF5F0023D165 = {
			isa = PBXGroup;
			children = (
				FB5BBA7F1945AFB80023D165 /* Resources */,
				FB5BBA501945AF5F0023D165 /* Prosecutor */,
				FB5BBA6F1945AF5F0023D165 /* ProsecutorTests */,
				FB5BBA491945AF5F0023D165 /* Frameworks */,
				FB5BBA481945AF5F0023D165 /* Products */,
				B1DC7865B36C46E18BD02D84 /* Pods.xcconfig */,
			);
			sourceTree = "<group>";
			usesTabs = 0;
		};
		FB5BBA481945AF5F0023D165 /* Products */ = {
			isa = PBXGroup;
			children = (
				FB5BBA471945AF5F0023D165 /* 阳光检务.app */,
				FB5BBA681945AF5F0023D165 /* ProsecutorTests.xctest */,
			);
			name = Products;
			sourceTree = "<group>";
		};
		FB5BBA491945AF5F0023D165 /* Frameworks */ = {
			isa = PBXGroup;
			children = (
				55BB8ADD19630CEE00C22C13 /* Accelerate.framework */,
				55BB8ADB19630CE200C22C13 /* CFNetwork.framework */,
				FB5BBA4A1945AF5F0023D165 /* Foundation.framework */,
				FB5BBA4C1945AF5F0023D165 /* CoreGraphics.framework */,
				FB5BBA4E1945AF5F0023D165 /* UIKit.framework */,
				FB5BBA691945AF5F0023D165 /* XCTest.framework */,
				20B9578E44D94FD3BE82E22D /* libPods.a */,
			);
			name = Frameworks;
			sourceTree = "<group>";
		};
		FB5BBA501945AF5F0023D165 /* Prosecutor */ = {
			isa = PBXGroup;
			children = (
				FB5BBA9D1945AFFB0023D165 /* main */,
				FB5BBAA81945B0240023D165 /* Modal */,
				FB5BBAA71945B01D0023D165 /* View */,
				FB5BBAA31945B0190023D165 /* Controller */,
				FB5BBAA91945B1470023D165 /* resource */,
				FB5BBA511945AF5F0023D165 /* Supporting Files */,
			);
			path = Prosecutor;
			sourceTree = "<group>";
		};
		FB5BBA511945AF5F0023D165 /* Supporting Files */ = {
			isa = PBXGroup;
			children = (
				FB5BBA521945AF5F0023D165 /* Prosecutor-Info.plist */,
				FB5BBA531945AF5F0023D165 /* InfoPlist.strings */,
				FB5BBA581945AF5F0023D165 /* Prosecutor-Prefix.pch */,
			);
			name = "Supporting Files";
			sourceTree = "<group>";
		};
		FB5BBA6F1945AF5F0023D165 /* ProsecutorTests */ = {
			isa = PBXGroup;
			children = (
				FB5BBA751945AF5F0023D165 /* ProsecutorTests.m */,
				FB5BBA701945AF5F0023D165 /* Supporting Files */,
			);
			path = ProsecutorTests;
			sourceTree = "<group>";
		};
		FB5BBA701945AF5F0023D165 /* Supporting Files */ = {
			isa = PBXGroup;
			children = (
				FB5BBA711945AF5F0023D165 /* ProsecutorTests-Info.plist */,
				FB5BBA721945AF5F0023D165 /* InfoPlist.strings */,
			);
			name = "Supporting Files";
			sourceTree = "<group>";
		};
		FB5BBA7F1945AFB80023D165 /* Resources */ = {
			isa = PBXGroup;
			children = (
				FB4974D719652C1B0000EF38 /* MJRefresh */,
				55BB8AEE1964498700C22C13 /* UITableView+config.h */,
				55BB8AEF1964498700C22C13 /* UITableView+config.m */,
			);
			path = Resources;
			sourceTree = "<group>";
		};
		FB5BBA9D1945AFFB0023D165 /* main */ = {
			isa = PBXGroup;
			children = (
				FB5BBA9E1945AFFB0023D165 /* AppDelegate.h */,
				FB5BBA9F1945AFFB0023D165 /* AppDelegate.m */,
				FB5BBA5C1945AF5F0023D165 /* Main.storyboard */,
				FB5BBA621945AF5F0023D165 /* Images.xcassets */,
				FB5BBAA01945AFFB0023D165 /* main.m */,
			);
			path = main;
			sourceTree = "<group>";
		};
		FB5BBAA31945B0190023D165 /* Controller */ = {
			isa = PBXGroup;
			children = (
				FB5BBAA41945B0190023D165 /* ViewController.h */,
				FB5BBAA51945B0190023D165 /* ViewController.m */,
				55EAD2DF1945EB630046044A /* 走进经检 */,
				55EAD2E01945EB7B0046044A /* 动态经验 */,
				55EAD2E11945EB8A0046044A /* 为民服务 */,
				55EAD2E31945EB9E0046044A /* 经检说法 */,
				55EAD2E41945EBB20046044A /* 经检品牌 */,
				55EAD2E51945EBBF0046044A /* 经检风貌 */,
				55EAD2E61945EBF60046044A /* 联系经检 */,
				55EAD2E71945EC0A0046044A /* 案件信息 */,
			);
			path = Controller;
			sourceTree = "<group>";
		};
		FB5BBAA71945B01D0023D165 /* View */ = {
			isa = PBXGroup;
			children = (
				556A77F51945D65000F4EA15 /* PMainFunctionCell.h */,
				556A77F61945D65000F4EA15 /* PMainFunctionCell.m */,
				55D17ADC194891800025D1F3 /* PFlagListCell.h */,
				55D17ADD194891800025D1F3 /* PFlagListCell.m */,
				55D17ADE194891800025D1F3 /* PFlagListCell.xib */,
				55D17AE41949C69C0025D1F3 /* PContactCell.h */,
				55D17AE51949C69C0025D1F3 /* PContactCell.m */,
				55D17AE61949C69C0025D1F3 /* PContactCell.xib */,
			);
			path = View;
			sourceTree = "<group>";
		};
		FB5BBAA81945B0240023D165 /* Modal */ = {
			isa = PBXGroup;
			children = (
			);
			path = Modal;
			sourceTree = "<group>";
		};
		FB5BBAA91945B1470023D165 /* resource */ = {
			isa = PBXGroup;
			children = (
				FB5BBAAD1945B1970023D165 /* 经检数据说明.txt */,
				FB5BBAAA1945B15F0023D165 /* lauguage.h */,
				55EAD2E81945F2760046044A /* NetWork.h */,
			);
			name = resource;
			path = Prosecutor/resource;
			sourceTree = SOURCE_ROOT;
		};
/* End PBXGroup section */

/* Begin PBXNativeTarget section */
		FB5BBA461945AF5F0023D165 /* Prosecutor */ = {
			isa = PBXNativeTarget;
			buildConfigurationList = FB5BBA791945AF5F0023D165 /* Build configuration list for PBXNativeTarget "Prosecutor" */;
			buildPhases = (
				3DA9BA3F7F8748B292431BD0 /* Check Pods Manifest.lock */,
				FB5BBA431945AF5F0023D165 /* Sources */,
				FB5BBA441945AF5F0023D165 /* Frameworks */,
				FB5BBA451945AF5F0023D165 /* Resources */,
				2ADF26E854644C0EB51E8AAA /* Copy Pods Resources */,
			);
			buildRules = (
			);
			dependencies = (
			);
			name = Prosecutor;
			productName = Prosecutor;
			productReference = FB5BBA471945AF5F0023D165 /* 阳光检务.app */;
			productType = "com.apple.product-type.application";
		};
		FB5BBA671945AF5F0023D165 /* ProsecutorTests */ = {
			isa = PBXNativeTarget;
			buildConfigurationList = FB5BBA7C1945AF5F0023D165 /* Build configuration list for PBXNativeTarget "ProsecutorTests" */;
			buildPhases = (
				FB5BBA641945AF5F0023D165 /* Sources */,
				FB5BBA651945AF5F0023D165 /* Frameworks */,
				FB5BBA661945AF5F0023D165 /* Resources */,
			);
			buildRules = (
			);
			dependencies = (
				FB5BBA6E1945AF5F0023D165 /* PBXTargetDependency */,
			);
			name = ProsecutorTests;
			productName = ProsecutorTests;
			productReference = FB5BBA681945AF5F0023D165 /* ProsecutorTests.xctest */;
			productType = "com.apple.product-type.bundle.unit-test";
		};
/* End PBXNativeTarget section */

/* Begin PBXProject section */
		FB5BBA3F1945AF5F0023D165 /* Project object */ = {
			isa = PBXProject;
			attributes = {
				LastUpgradeCheck = 0510;
				ORGANIZATIONNAME = "江苏联盟信息工程有限公司";
				TargetAttributes = {
					FB5BBA461945AF5F0023D165 = {
						DevelopmentTeam = 25U53MAW9B;
					};
					FB5BBA671945AF5F0023D165 = {
						TestTargetID = FB5BBA461945AF5F0023D165;
					};
				};
			};
			buildConfigurationList = FB5BBA421945AF5F0023D165 /* Build configuration list for PBXProject "Prosecutor" */;
			compatibilityVersion = "Xcode 3.2";
			developmentRegion = English;
			hasScannedForEncodings = 0;
			knownRegions = (
				en,
				Base,
			);
			mainGroup = FB5BBA3E1945AF5F0023D165;
			productRefGroup = FB5BBA481945AF5F0023D165 /* Products */;
			projectDirPath = "";
			projectRoot = "";
			targets = (
				FB5BBA461945AF5F0023D165 /* Prosecutor */,
				FB5BBA671945AF5F0023D165 /* ProsecutorTests */,
			);
		};
/* End PBXProject section */

/* Begin PBXResourcesBuildPhase section */
		FB5BBA451945AF5F0023D165 /* Resources */ = {
			isa = PBXResourcesBuildPhase;
			buildActionMask = 2147483647;
			files = (
				FB5BBA631945AF5F0023D165 /* Images.xcassets in Resources */,
				FB5BBA551945AF5F0023D165 /* InfoPlist.strings in Resources */,
				FB4974E819652C1B0000EF38 /* MJRefresh.bundle in Resources */,
				55D17AE0194891800025D1F3 /* PFlagListCell.xib in Resources */,
				FB5BBA5E1945AF5F0023D165 /* Main.storyboard in Resources */,
				FB5BBAAE1945B1970023D165 /* 经检数据说明.txt in Resources */,
				55D17AE81949C69C0025D1F3 /* PContactCell.xib in Resources */,
			);
			runOnlyForDeploymentPostprocessing = 0;
		};
		FB5BBA661945AF5F0023D165 /* Resources */ = {
			isa = PBXResourcesBuildPhase;
			buildActionMask = 2147483647;
			files = (
				FB5BBA741945AF5F0023D165 /* InfoPlist.strings in Resources */,
			);
			runOnlyForDeploymentPostprocessing = 0;
		};
/* End PBXResourcesBuildPhase section */

/* Begin PBXShellScriptBuildPhase section */
		2ADF26E854644C0EB51E8AAA /* Copy Pods Resources */ = {
			isa = PBXShellScriptBuildPhase;
			buildActionMask = 2147483647;
			files = (
			);
			inputPaths = (
			);
			name = "Copy Pods Resources";
			outputPaths = (
			);
			runOnlyForDeploymentPostprocessing = 0;
			shellPath = /bin/sh;
			shellScript = "\"${SRCROOT}/Pods/Pods-resources.sh\"\n";
			showEnvVarsInLog = 0;
		};
		3DA9BA3F7F8748B292431BD0 /* Check Pods Manifest.lock */ = {
			isa = PBXShellScriptBuildPhase;
			buildActionMask = 2147483647;
			files = (
			);
			inputPaths = (
			);
			name = "Check Pods Manifest.lock";
			outputPaths = (
			);
			runOnlyForDeploymentPostprocessing = 0;
			shellPath = /bin/sh;
			shellScript = "diff \"${PODS_ROOT}/../Podfile.lock\" \"${PODS_ROOT}/Manifest.lock\" > /dev/null\nif [[ $? != 0 ]] ; then\n    cat << EOM\nerror: The sandbox is not in sync with the Podfile.lock. Run 'pod install' or update your CocoaPods installation.\nEOM\n    exit 1\nfi\n";
			showEnvVarsInLog = 0;
		};
/* End PBXShellScriptBuildPhase section */

/* Begin PBXSourcesBuildPhase section */
		FB5BBA431945AF5F0023D165 /* Sources */ = {
			isa = PBXSourcesBuildPhase;
			buildActionMask = 2147483647;
			files = (
				554E0A85196D73E500F9D4B4 /* InformationDetailVC.m in Sources */,
				554E0A82196D72E300F9D4B4 /* InformationCell.m in Sources */,
				554E0A7F196D6E3000F9D4B4 /* InformationModel.m in Sources */,
				55EAD2D51945E52D0046044A /* BrandVC.m in Sources */,
				FB5BBAA11945AFFB0023D165 /* AppDelegate.m in Sources */,
				FB4974EB19652C1B0000EF38 /* MJRefreshFooterView.m in Sources */,
				55D17AE71949C69C0025D1F3 /* PContactCell.m in Sources */,
				554E0A89196D78E600F9D4B4 /* ApplyPublicVC.m in Sources */,
				55BB8AE71963157B00C22C13 /* sceneModel.m in Sources */,
				55D17ADF194891800025D1F3 /* PFlagListCell.m in Sources */,
				55EAD2DE1945E5740046044A /* InformationVC.m in Sources */,
				55BB8AD71963066D00C22C13 /* DynamicsCell.m in Sources */,
				FB4974ED19652C1B0000EF38 /* UIScrollView+Extension.m in Sources */,
				55BB8AE4196313E700C22C13 /* TalkLowDetail.m in Sources */,
				55BB8AF319644F6700C22C13 /* websiteVC.m in Sources */,
				55BB8AD41962FEC300C22C13 /* DynamicsModel.m in Sources */,
				55EAD2D21945E5180046044A /* TalkLowVC.m in Sources */,
				556A77F71945D65000F4EA15 /* PMainFunctionCell.m in Sources */,
				55BB8ADA1963087300C22C13 /* dynamicsDetailVC.m in Sources */,
				55BB8AED19631A6E00C22C13 /* honourModel.m in Sources */,
				FB5BBAA61945B0190023D165 /* ViewController.m in Sources */,
				FB4974EA19652C1B0000EF38 /* MJRefreshConst.m in Sources */,
				FB4974EF19652C1B0000EF38 /* UIView+Extension.m in Sources */,
				55EAD2CC1945E4E10046044A /* DynamicsVC.m in Sources */,
				FB4974E919652C1B0000EF38 /* MJRefreshBaseView.m in Sources */,
				FB4974EC19652C1B0000EF38 /* MJRefreshHeaderView.m in Sources */,
				55BB8AEA196317E100C22C13 /* sceneDetailVC.m in Sources */,
				55EAD2D81945E5450046044A /* SceneVC.m in Sources */,
				FB4974EE19652C1B0000EF38 /* UIScrollView+MJRefresh.m in Sources */,
				55EAD2C91945E47F0046044A /* ComeInVC.m in Sources */,
				FB5BBAA21945AFFB0023D165 /* main.m in Sources */,
				55EAD2CF1945E4FA0046044A /* ForPersonVC.m in Sources */,
				55EAD2DB1945E55C0046044A /* ContactVC.m in Sources */,
				55BB8AF01964498700C22C13 /* UITableView+config.m in Sources */,
				55BB8AE119630FAB00C22C13 /* talkLowModel.m in Sources */,
				55BB8AD11962E96B00C22C13 /* honourVC.m in Sources */,
			);
			runOnlyForDeploymentPostprocessing = 0;
		};
		FB5BBA641945AF5F0023D165 /* Sources */ = {
			isa = PBXSourcesBuildPhase;
			buildActionMask = 2147483647;
			files = (
				FB5BBA761945AF5F0023D165 /* ProsecutorTests.m in Sources */,
			);
			runOnlyForDeploymentPostprocessing = 0;
		};
/* End PBXSourcesBuildPhase section */

/* Begin PBXTargetDependency section */
		FB5BBA6E1945AF5F0023D165 /* PBXTargetDependency */ = {
			isa = PBXTargetDependency;
			target = FB5BBA461945AF5F0023D165 /* Prosecutor */;
			targetProxy = FB5BBA6D1945AF5F0023D165 /* PBXContainerItemProxy */;
		};
/* End PBXTargetDependency section */

/* Begin PBXVariantGroup section */
		FB5BBA531945AF5F0023D165 /* InfoPlist.strings */ = {
			isa = PBXVariantGroup;
			children = (
				FB5BBA541945AF5F0023D165 /* en */,
			);
			name = InfoPlist.strings;
			sourceTree = "<group>";
		};
		FB5BBA5C1945AF5F0023D165 /* Main.storyboard */ = {
			isa = PBXVariantGroup;
			children = (
				FB5BBA5D1945AF5F0023D165 /* Base */,
			);
			name = Main.storyboard;
			path = ..;
			sourceTree = "<group>";
		};
		FB5BBA721945AF5F0023D165 /* InfoPlist.strings */ = {
			isa = PBXVariantGroup;
			children = (
				FB5BBA731945AF5F0023D165 /* en */,
			);
			name = InfoPlist.strings;
			sourceTree = "<group>";
		};
/* End PBXVariantGroup section */

/* Begin XCBuildConfiguration section */
		FB5BBA771945AF5F0023D165 /* Debug */ = {
			isa = XCBuildConfiguration;
			buildSettings = {
				ALWAYS_SEARCH_USER_PATHS = NO;
				CLANG_CXX_LANGUAGE_STANDARD = "gnu++0x";
				CLANG_CXX_LIBRARY = "libc++";
				CLANG_ENABLE_MODULES = YES;
				CLANG_ENABLE_OBJC_ARC = YES;
				CLANG_WARN_BOOL_CONVERSION = YES;
				CLANG_WARN_CONSTANT_CONVERSION = YES;
				CLANG_WARN_DIRECT_OBJC_ISA_USAGE = YES_ERROR;
				CLANG_WARN_EMPTY_BODY = YES;
				CLANG_WARN_ENUM_CONVERSION = YES;
				CLANG_WARN_INT_CONVERSION = YES;
				CLANG_WARN_OBJC_ROOT_CLASS = YES_ERROR;
				CLANG_WARN__DUPLICATE_METHOD_MATCH = YES;
				"CODE_SIGN_IDENTITY[sdk=iphoneos*]" = "iPhone Developer";
				COPY_PHASE_STRIP = NO;
				GCC_C_LANGUAGE_STANDARD = gnu99;
				GCC_DYNAMIC_NO_PIC = NO;
				GCC_OPTIMIZATION_LEVEL = 0;
				GCC_PREPROCESSOR_DEFINITIONS = (
					"DEBUG=1",
					"$(inherited)",
				);
				GCC_SYMBOLS_PRIVATE_EXTERN = NO;
				GCC_WARN_64_TO_32_BIT_CONVERSION = YES;
				GCC_WARN_ABOUT_RETURN_TYPE = YES_ERROR;
				GCC_WARN_UNDECLARED_SELECTOR = YES;
				GCC_WARN_UNINITIALIZED_AUTOS = YES_AGGRESSIVE;
				GCC_WARN_UNUSED_FUNCTION = YES;
				GCC_WARN_UNUSED_VARIABLE = YES;
				IPHONEOS_DEPLOYMENT_TARGET = 7.0;
				ONLY_ACTIVE_ARCH = YES;
				SDKROOT = iphoneos;
			};
			name = Debug;
		};
		FB5BBA781945AF5F0023D165 /* Release */ = {
			isa = XCBuildConfiguration;
			buildSettings = {
				ALWAYS_SEARCH_USER_PATHS = NO;
				CLANG_CXX_LANGUAGE_STANDARD = "gnu++0x";
				CLANG_CXX_LIBRARY = "libc++";
				CLANG_ENABLE_MODULES = YES;
				CLANG_ENABLE_OBJC_ARC = YES;
				CLANG_WARN_BOOL_CONVERSION = YES;
				CLANG_WARN_CONSTANT_CONVERSION = YES;
				CLANG_WARN_DIRECT_OBJC_ISA_USAGE = YES_ERROR;
				CLANG_WARN_EMPTY_BODY = YES;
				CLANG_WARN_ENUM_CONVERSION = YES;
				CLANG_WARN_INT_CONVERSION = YES;
				CLANG_WARN_OBJC_ROOT_CLASS = YES_ERROR;
				CLANG_WARN__DUPLICATE_METHOD_MATCH = YES;
				"CODE_SIGN_IDENTITY[sdk=iphoneos*]" = "iPhone Developer";
				COPY_PHASE_STRIP = YES;
				ENABLE_NS_ASSERTIONS = NO;
				GCC_C_LANGUAGE_STANDARD = gnu99;
				GCC_WARN_64_TO_32_BIT_CONVERSION = YES;
				GCC_WARN_ABOUT_RETURN_TYPE = YES_ERROR;
				GCC_WARN_UNDECLARED_SELECTOR = YES;
				GCC_WARN_UNINITIALIZED_AUTOS = YES_AGGRESSIVE;
				GCC_WARN_UNUSED_FUNCTION = YES;
				GCC_WARN_UNUSED_VARIABLE = YES;
				IPHONEOS_DEPLOYMENT_TARGET = 7.0;
				SDKROOT = iphoneos;
				VALIDATE_PRODUCT = YES;
			};
			name = Release;
		};
		FB5BBA7A1945AF5F0023D165 /* Debug */ = {
			isa = XCBuildConfiguration;
			baseConfigurationReference = B1DC7865B36C46E18BD02D84 /* Pods.xcconfig */;
			buildSettings = {
				ALTERNATE_OWNER = Jason;
				ASSETCATALOG_COMPILER_APPICON_NAME = AppIcon;
				ASSETCATALOG_COMPILER_LAUNCHIMAGE_NAME = LaunchImage;
				CODE_SIGN_IDENTITY = "iPhone Developer";
				"CODE_SIGN_IDENTITY[sdk=iphoneos*]" = "";
				GCC_PRECOMPILE_PREFIX_HEADER = YES;
				GCC_PREFIX_HEADER = "Prosecutor/Prosecutor-Prefix.pch";
				INFOPLIST_FILE = "Prosecutor/Prosecutor-Info.plist";
				INSTALL_OWNER = Jason;
				IPHONEOS_DEPLOYMENT_TARGET = 7.0;
				PRODUCT_NAME = "阳光检务";
				PROVISIONING_PROFILE = "782EA7C2-2DB2-45AE-BAD9-63A316CA1DC7";
				TARGETED_DEVICE_FAMILY = 1;
				WRAPPER_EXTENSION = app;
			};
			name = Debug;
		};
		FB5BBA7B1945AF5F0023D165 /* Release */ = {
			isa = XCBuildConfiguration;
			baseConfigurationReference = B1DC7865B36C46E18BD02D84 /* Pods.xcconfig */;
			buildSettings = {
				ALTERNATE_OWNER = Jason;
				ASSETCATALOG_COMPILER_APPICON_NAME = AppIcon;
				ASSETCATALOG_COMPILER_LAUNCHIMAGE_NAME = LaunchImage;
				CODE_SIGN_IDENTITY = "iPhone Developer";
				"CODE_SIGN_IDENTITY[sdk=iphoneos*]" = "";
				GCC_PRECOMPILE_PREFIX_HEADER = YES;
				GCC_PREFIX_HEADER = "Prosecutor/Prosecutor-Prefix.pch";
				INFOPLIST_FILE = "Prosecutor/Prosecutor-Info.plist";
				INSTALL_OWNER = Jason;
				IPHONEOS_DEPLOYMENT_TARGET = 7.0;
				PRODUCT_NAME = "阳光检务";
				PROVISIONING_PROFILE = "782EA7C2-2DB2-45AE-BAD9-63A316CA1DC7";
				TARGETED_DEVICE_FAMILY = 1;
				WRAPPER_EXTENSION = app;
			};
			name = Release;
		};
		FB5BBA7D1945AF5F0023D165 /* Debug */ = {
			isa = XCBuildConfiguration;
			buildSettings = {
				BUNDLE_LOADER = "$(BUILT_PRODUCTS_DIR)/Prosecutor.app/Prosecutor";
				FRAMEWORK_SEARCH_PATHS = (
					"$(SDKROOT)/Developer/Library/Frameworks",
					"$(inherited)",
					"$(DEVELOPER_FRAMEWORKS_DIR)",
				);
				GCC_PRECOMPILE_PREFIX_HEADER = YES;
				GCC_PREFIX_HEADER = "Prosecutor/Prosecutor-Prefix.pch";
				GCC_PREPROCESSOR_DEFINITIONS = (
					"DEBUG=1",
					"$(inherited)",
				);
				INFOPLIST_FILE = "ProsecutorTests/ProsecutorTests-Info.plist";
				PRODUCT_NAME = "$(TARGET_NAME)";
				TEST_HOST = "$(BUNDLE_LOADER)";
				WRAPPER_EXTENSION = xctest;
			};
			name = Debug;
		};
		FB5BBA7E1945AF5F0023D165 /* Release */ = {
			isa = XCBuildConfiguration;
			buildSettings = {
				BUNDLE_LOADER = "$(BUILT_PRODUCTS_DIR)/Prosecutor.app/Prosecutor";
				FRAMEWORK_SEARCH_PATHS = (
					"$(SDKROOT)/Developer/Library/Frameworks",
					"$(inherited)",
					"$(DEVELOPER_FRAMEWORKS_DIR)",
				);
				GCC_PRECOMPILE_PREFIX_HEADER = YES;
				GCC_PREFIX_HEADER = "Prosecutor/Prosecutor-Prefix.pch";
				INFOPLIST_FILE = "ProsecutorTests/ProsecutorTests-Info.plist";
				PRODUCT_NAME = "$(TARGET_NAME)";
				TEST_HOST = "$(BUNDLE_LOADER)";
				WRAPPER_EXTENSION = xctest;
			};
			name = Release;
		};
/* End XCBuildConfiguration section */

/* Begin XCConfigurationList section */
		FB5BBA421945AF5F0023D165 /* Build configuration list for PBXProject "Prosecutor" */ = {
			isa = XCConfigurationList;
			buildConfigurations = (
				FB5BBA771945AF5F0023D165 /* Debug */,
				FB5BBA781945AF5F0023D165 /* Release */,
			);
			defaultConfigurationIsVisible = 0;
			defaultConfigurationName = Release;
		};
		FB5BBA791945AF5F0023D165 /* Build configuration list for PBXNativeTarget "Prosecutor" */ = {
			isa = XCConfigurationList;
			buildConfigurations = (
				FB5BBA7A1945AF5F0023D165 /* Debug */,
				FB5BBA7B1945AF5F0023D165 /* Release */,
			);
			defaultConfigurationIsVisible = 0;
			defaultConfigurationName = Release;
		};
		FB5BBA7C1945AF5F0023D165 /* Build configuration list for PBXNativeTarget "ProsecutorTests" */ = {
			isa = XCConfigurationList;
			buildConfigurations = (
				FB5BBA7D1945AF5F0023D165 /* Debug */,
				FB5BBA7E1945AF5F0023D165 /* Release */,
			);
			defaultConfigurationIsVisible = 0;
			defaultConfigurationName = Release;
		};
/* End XCConfigurationList section */
	};
	rootObject = FB5BBA3F1945AF5F0023D165 /* Project object */;
}
